
Microsoft Visual Studio Solution File, Format Version 12.00
# Visual Studio 2012
Project("{FAE04EC0-301F-11D3-BF4B-00C04F79EFBC}") = "Samba.Presentation", "Samba.Presentation\Samba.Presentation.csproj", "{B58CBF09-52EA-4466-B5D2-2664018E7561}"
EndProject
Project("{2150E333-8FDC-42A3-9474-1A3956D46DE8}") = "1. Presentation Layer", "1. Presentation Layer", "{EBD09D7D-66B5-4DA4-ABB3-3F511769CF7D}"
EndProject
Project("{2150E333-8FDC-42A3-9474-1A3956D46DE8}") = "4. Domain Layer", "4. Domain Layer", "{CCCD8759-7910-4C0A-9989-E92253D94703}"
EndProject
Project("{FAE04EC0-301F-11D3-BF4B-00C04F79EFBC}") = "Samba.Domain", "Samba.Domain\Samba.Domain.csproj", "{2386F6A0-91B2-4D1A-8DBC-92109924AFFE}"
EndProject
Project("{FAE04EC0-301F-11D3-BF4B-00C04F79EFBC}") = "Samba.Infrastructure", "Samba.Infrastructure\Samba.Infrastructure.csproj", "{B184E8F8-A507-4C3D-B580-184E3776A95C}"
EndProject
Project("{2150E333-8FDC-42A3-9474-1A3956D46DE8}") = "Libs", "Libs", "{BE3BEF2C-C390-42F3-8142-ECD1E9914409}"
	ProjectSection(SolutionItems) = preProject
		Lib\AxInterop.cidv5callerid.dll = Lib\AxInterop.cidv5callerid.dll
		Lib\EntityFramework.dll = Lib\EntityFramework.dll
		Lib\FluentMigrator.dll = Lib\FluentMigrator.dll
		Lib\FluentMigrator.Runner.dll = Lib\FluentMigrator.Runner.dll
		Lib\FluentValidation.dll = Lib\FluentValidation.dll
		Lib\ICSharpCode.AvalonEdit.dll = Lib\ICSharpCode.AvalonEdit.dll
		Lib\Interop.cidv5callerid.dll = Lib\Interop.cidv5callerid.dll
		Lib\Microsoft.Practices.ServiceLocation.dll = Lib\Microsoft.Practices.ServiceLocation.dll
		Lib\Newtonsoft.Json.dll = Lib\Newtonsoft.Json.dll
		Lib\Omu.ValueInjecter.dll = Lib\Omu.ValueInjecter.dll
		Lib\PropertyTools.dll = Lib\PropertyTools.dll
		Lib\PropertyTools.Wpf.dll = Lib\PropertyTools.Wpf.dll
		Lib\System.Net.Http.dll = Lib\System.Net.Http.dll
		Lib\System.Net.Http.Formatting.dll = Lib\System.Net.Http.Formatting.dll
		Lib\System.Net.Http.WebRequest.dll = Lib\System.Net.Http.WebRequest.dll
		Lib\System.Web.Http.dll = Lib\System.Web.Http.dll
		Lib\System.Web.Http.SelfHost.dll = Lib\System.Web.Http.SelfHost.dll
		Lib\Zen.Barcode.Core.dll = Lib\Zen.Barcode.Core.dll
	EndProjectSection
EndProject
Project("{2150E333-8FDC-42A3-9474-1A3956D46DE8}") = "3. Persistence Layer", "3. Persistence Layer", "{FEC2F6B9-AF96-49AC-8598-9F66FE8D130D}"
EndProject
Project("{2150E333-8FDC-42A3-9474-1A3956D46DE8}") = "5. Infrastructure Layer", "5. Infrastructure Layer", "{4E2BB083-56B6-4323-9620-3F53F0774609}"
EndProject
Project("{2150E333-8FDC-42A3-9474-1A3956D46DE8}") = "1.2 Modules", "1.2 Modules", "{99E9B82C-E727-4EB2-B6E3-9A9DC955F3F6}"
EndProject
Project("{FAE04EC0-301F-11D3-BF4B-00C04F79EFBC}") = "Samba.Modules.TicketModule", "Samba.Modules.TicketModule\Samba.Modules.TicketModule.csproj", "{9E6FF3D9-BAE7-4E48-B144-0859BE28C570}"
EndProject
Project("{FAE04EC0-301F-11D3-BF4B-00C04F79EFBC}") = "Samba.Modules.UserModule", "Samba.Modules.UserModule\Samba.Modules.UserModule.csproj", "{1AE61C89-EBFD-498D-9F53-6319B302CDBF}"
EndProject
Project("{FAE04EC0-301F-11D3-BF4B-00C04F79EFBC}") = "Samba.Modules.MenuModule", "Samba.Modules.MenuModule\Samba.Modules.MenuModule.csproj", "{8DA03815-ED56-40C5-83CA-6DFBB1F19C4F}"
EndProject
Project("{2150E333-8FDC-42A3-9474-1A3956D46DE8}") = "1.1 Controls", "1.1 Controls", "{BF4FA34A-A4C9-4BEC-90C4-AA09483582BB}"
EndProject
Project("{FAE04EC0-301F-11D3-BF4B-00C04F79EFBC}") = "Samba.Presentation.Common", "Samba.Presentation.Common\Samba.Presentation.Common.csproj", "{FE1A894E-D55E-4CEA-980A-1C678A2453FC}"
EndProject
Project("{FAE04EC0-301F-11D3-BF4B-00C04F79EFBC}") = "Samba.Modules.SettingsModule", "Samba.Modules.SettingsModule\Samba.Modules.SettingsModule.csproj", "{3B7CF671-E246-4284-9DEB-F7F8CD784ED1}"
EndProject
Project("{2150E333-8FDC-42A3-9474-1A3956D46DE8}") = "2. Service Layer", "2. Service Layer", "{8090D262-C7F1-4EFE-93F8-1B71BD23B627}"
EndProject
Project("{FAE04EC0-301F-11D3-BF4B-00C04F79EFBC}") = "Samba.Services", "Samba.Services\Samba.Services.csproj", "{413B698C-0D7D-4FCD-9F16-AF51AED4E647}"
EndProject
Project("{FAE04EC0-301F-11D3-BF4B-00C04F79EFBC}") = "Samba.MessagingServerServiceTool", "Samba.MessagingServerServiceTool\Samba.MessagingServerServiceTool.csproj", "{A31255F4-E8D8-4D8E-B25A-48FB7ED059F5}"
EndProject
Project("{FAE04EC0-301F-11D3-BF4B-00C04F79EFBC}") = "Samba.Infrastructure.Data", "Samba.Infrastructure.Data\Samba.Infrastructure.Data.csproj", "{2D64F506-D566-4CA5-A19C-BCB5F9A2E7F4}"
EndProject
Project("{FAE04EC0-301F-11D3-BF4B-00C04F79EFBC}") = "Samba.Modules.BasicReports", "Samba.Modules.BasicReports\Samba.Modules.BasicReports.csproj", "{4F2C080C-FF9C-4604-8DAF-C5732BC17A05}"
EndProject
Project("{FAE04EC0-301F-11D3-BF4B-00C04F79EFBC}") = "Samba.Modules.NavigationModule", "Samba.Modules.NavigationModule\Samba.Modules.NavigationModule.csproj", "{9497C48E-B9B5-4869-820E-09ECE4347632}"
EndProject
Project("{FAE04EC0-301F-11D3-BF4B-00C04F79EFBC}") = "FlexButton", "Lib\FlexButton\FlexButton.csproj", "{434D497A-D439-44C8-84A5-5301B572708F}"
EndProject
Project("{FAE04EC0-301F-11D3-BF4B-00C04F79EFBC}") = "Samba.Persistance.DBMigration", "Samba.Persistance.DBMigration\Samba.Persistance.DBMigration.csproj", "{3AED3A4C-F3D7-4D29-BF58-85743E4F7AFD}"
EndProject
Project("{FAE04EC0-301F-11D3-BF4B-00C04F79EFBC}") = "Samba.Presentation.ViewModels", "Samba.Presentation.ViewModels\Samba.Presentation.ViewModels.csproj", "{04ED7BE0-8768-4A8D-B1ED-C92CB60789EF}"
EndProject
Project("{FAE04EC0-301F-11D3-BF4B-00C04F79EFBC}") = "Samba.Modules.InventoryModule", "Samba.Modules.InventoryModule\Samba.Modules.InventoryModule.csproj", "{E93B6838-9B18-4718-AB7B-2EA5232518C3}"
EndProject
Project("{FAE04EC0-301F-11D3-BF4B-00C04F79EFBC}") = "Samba.Modules.CidMonitor", "Samba.Modules.CidMonitor\Samba.Modules.CidMonitor.csproj", "{629A2D7C-9014-4A85-A1E9-26161D5B3043}"
EndProject
Project("{FAE04EC0-301F-11D3-BF4B-00C04F79EFBC}") = "Samba.Localization", "Samba.Localization\Samba.Localization.csproj", "{406B96A6-C886-4149-AD88-A2402EDB2B90}"
EndProject
Project("{FAE04EC0-301F-11D3-BF4B-00C04F79EFBC}") = "DataGridFilterLibrary", "Lib\DataGridFilterLibrary\DataGridFilterLibrary.csproj", "{512FD53F-9AD1-46A1-A961-9FABDFAD50C5}"
EndProject
Project("{FAE04EC0-301F-11D3-BF4B-00C04F79EFBC}") = "Samba.Modules.AccountModule", "Samba.Modules.AccountModule\Samba.Modules.AccountModule.csproj", "{EDEF0022-075C-4DEC-853F-6558F9E8438A}"
EndProject
Project("{FAE04EC0-301F-11D3-BF4B-00C04F79EFBC}") = "Samba.Modules.DepartmentModule", "Samba.Modules.DepartmentModule\Samba.Modules.DepartmentModule.csproj", "{3F15FA1B-DB89-418B-8E7C-E7747D9098FF}"
EndProject
Project("{FAE04EC0-301F-11D3-BF4B-00C04F79EFBC}") = "Samba.Modules.WorkperiodModule", "Samba.Modules.WorkperiodModule\Samba.Modules.WorkperiodModule.csproj", "{19D333D1-D336-41C3-9B1E-55E760E6B026}"
EndProject
Project("{FAE04EC0-301F-11D3-BF4B-00C04F79EFBC}") = "Samba.Modules.PrinterModule", "Samba.Modules.PrinterModule\Samba.Modules.PrinterModule.csproj", "{0FE1BF9D-225A-4D7F-8AB5-102138110999}"
EndProject
Project("{FAE04EC0-301F-11D3-BF4B-00C04F79EFBC}") = "Samba.Modules.AutomationModule", "Samba.Modules.AutomationModule\Samba.Modules.AutomationModule.csproj", "{EAA09B33-28AD-4F33-A2E8-4DBCB42457D0}"
EndProject
Project("{FAE04EC0-301F-11D3-BF4B-00C04F79EFBC}") = "Samba.Modules.LoginModule", "Samba.Modules.LoginModule\Samba.Modules.LoginModule.csproj", "{534CEC53-1EBC-4386-95E3-0E451FCB388A}"
EndProject
Project("{FAE04EC0-301F-11D3-BF4B-00C04F79EFBC}") = "Samba.Modules.PaymentModule", "Samba.Modules.PaymentModule\Samba.Modules.PaymentModule.csproj", "{F30AA5E9-0C10-438D-9DC7-5A8F3FC5D95D}"
EndProject
Project("{FAE04EC0-301F-11D3-BF4B-00C04F79EFBC}") = "Samba.Modules.PosModule", "Samba.Modules.PosModule\Samba.Modules.PosModule.csproj", "{B75C6387-9855-44BF-886E-5BB60D643AD2}"
EndProject
Project("{FAE04EC0-301F-11D3-BF4B-00C04F79EFBC}") = "Samba.Modules.ModifierModule", "Samba.Modules.ModifierModule\Samba.Modules.ModifierModule.csproj", "{51FCBCEF-D8B5-49D5-B18D-E6C7D5217D21}"
EndProject
Project("{FAE04EC0-301F-11D3-BF4B-00C04F79EFBC}") = "Samba.Modules.ManagementModule", "Samba.Modules.ManagementModule\Samba.Modules.ManagementModule.csproj", "{F7FB0F2D-DBD6-4C97-AC45-CE4DC5F2FBD6}"
EndProject
Project("{2150E333-8FDC-42A3-9474-1A3956D46DE8}") = "Solution Items", "Solution Items", "{D66B29A6-EC11-4A4D-A027-ADE7F53E3DF4}"
EndProject
Project("{2150E333-8FDC-42A3-9474-1A3956D46DE8}") = "1.2.1 Tests", "1.2.1 Tests", "{2D4F4DCC-2806-4929-B940-8FF5F74DF126}"
EndProject
Project("{FAE04EC0-301F-11D3-BF4B-00C04F79EFBC}") = "Samba.Modules.PaymentModule.Tests", "Samba.Modules.PaymentModule.Tests\Samba.Modules.PaymentModule.Tests.csproj", "{E1C4E4B7-D9F8-4806-ACB9-2774B3C827F6}"
EndProject
Project("{FAE04EC0-301F-11D3-BF4B-00C04F79EFBC}") = "FluentScript", "Lib\FluentScript\FluentScript.csproj", "{0CDFA1B2-F3A3-45E1-919B-9D1BCA26984B}"
EndProject
Project("{FAE04EC0-301F-11D3-BF4B-00C04F79EFBC}") = "Samba.Modules.TaskModule", "Samba.Modules.TaskModule\Samba.Modules.TaskModule.csproj", "{3E45DB85-2314-4874-BC75-44838CB129A4}"
EndProject
Project("{FAE04EC0-301F-11D3-BF4B-00C04F79EFBC}") = "Samba.Presentation.Services", "Samba.Presentation.Services\Samba.Presentation.Services.csproj", "{7DD8848C-3ADB-45B3-BD49-10AF3AEE2521}"
EndProject
Project("{FAE04EC0-301F-11D3-BF4B-00C04F79EFBC}") = "Samba.Persistance", "Samba.Persistance\Samba.Persistance.csproj", "{9ACA7797-5C2A-4435-B991-E59462ACDAF6}"
EndProject
Project("{FAE04EC0-301F-11D3-BF4B-00C04F79EFBC}") = "Samba.Presentation.Controls", "Samba.Presentation.Controls\Samba.Presentation.Controls.csproj", "{3C52B602-3CB1-45EE-B9A7-93B24C760A88}"
EndProject
Project("{FAE04EC0-301F-11D3-BF4B-00C04F79EFBC}") = "Stateless", "Lib\Stateless\Stateless.csproj", "{FFFDB2DE-6D0E-4C1E-B14D-B64057EEAF6D}"
EndProject
Project("{FAE04EC0-301F-11D3-BF4B-00C04F79EFBC}") = "Samba.ApiServer", "Samba.ApiServer\Samba.ApiServer.csproj", "{67EBDE4C-87F7-406D-8379-074A0E21ED7F}"
EndProject
Project("{FAE04EC0-301F-11D3-BF4B-00C04F79EFBC}") = "Samba.Presentation.Tests", "Samba.Presentation.Tests\Samba.Presentation.Tests.csproj", "{C59A1FB9-413A-4528-B4C1-BB0CEEF30366}"
EndProject
Project("{FAE04EC0-301F-11D3-BF4B-00C04F79EFBC}") = "Samba.Services.Tests", "Samba.Services.Tests\Samba.Services.Tests.csproj", "{FC6B9AFB-7633-4250-BDFF-A9251B64B909}"
EndProject
Project("{FAE04EC0-301F-11D3-BF4B-00C04F79EFBC}") = "Samba.Domain.Tests", "Samba.Domain.Tests\Samba.Domain.Tests.csproj", "{A33232E8-7368-4BB6-8C7D-EE4059E05DCB}"
EndProject
Project("{FAE04EC0-301F-11D3-BF4B-00C04F79EFBC}") = "Samba.Modules.MarketModule", "Samba.Modules.MarketModule\Samba.Modules.MarketModule.csproj", "{1A8E8264-AF81-47C6-B9AD-C0E408FB58FA}"
EndProject
Project("{FAE04EC0-301F-11D3-BF4B-00C04F79EFBC}") = "Samba.Modules.EntityModule", "Samba.Modules.EntityModule\Samba.Modules.EntityModule.csproj", "{0C2B6973-E2C6-4076-9828-EBE0E81405A6}"
EndProject
Project("{FAE04EC0-301F-11D3-BF4B-00C04F79EFBC}") = "Samba.MessagingServer.WindowsService", "Samba.MessagingServer.WindowsService\Samba.MessagingServer.WindowsService.csproj", "{2F0D5C7A-0972-45A4-841F-043B71F9C87F}"
EndProject
Project("{FAE04EC0-301F-11D3-BF4B-00C04F79EFBC}") = "Samba.MessagingServer", "Samba.MessagingServer\Samba.MessagingServer.csproj", "{E8EB13B7-CEAA-45D4-9B4F-0728D4FB3BF0}"
EndProject
Project("{FAE04EC0-301F-11D3-BF4B-00C04F79EFBC}") = "FastButton", "Lib\FastButton\FastButton.csproj", "{7519CB8C-3C25-4F74-8946-93ECB7450C31}"
EndProject
Global
	GlobalSection(SolutionConfigurationPlatforms) = preSolution
		Debug|Any CPU = Debug|Any CPU
		Debug|Mixed Platforms = Debug|Mixed Platforms
		Debug|x86 = Debug|x86
		Release|Any CPU = Release|Any CPU
		Release|Mixed Platforms = Release|Mixed Platforms
		Release|x86 = Release|x86
	EndGlobalSection
	GlobalSection(ProjectConfigurationPlatforms) = postSolution
		{B58CBF09-52EA-4466-B5D2-2664018E7561}.Debug|Any CPU.ActiveCfg = Debug|x86
		{B58CBF09-52EA-4466-B5D2-2664018E7561}.Debug|Mixed Platforms.ActiveCfg = Debug|x86
		{B58CBF09-52EA-4466-B5D2-2664018E7561}.Debug|Mixed Platforms.Build.0 = Debug|x86
		{B58CBF09-52EA-4466-B5D2-2664018E7561}.Debug|x86.ActiveCfg = Debug|x86
		{B58CBF09-52EA-4466-B5D2-2664018E7561}.Debug|x86.Build.0 = Debug|x86
		{B58CBF09-52EA-4466-B5D2-2664018E7561}.Release|Any CPU.ActiveCfg = Release|x86
		{B58CBF09-52EA-4466-B5D2-2664018E7561}.Release|Mixed Platforms.ActiveCfg = Release|x86
		{B58CBF09-52EA-4466-B5D2-2664018E7561}.Release|Mixed Platforms.Build.0 = Release|x86
		{B58CBF09-52EA-4466-B5D2-2664018E7561}.Release|x86.ActiveCfg = Release|x86
		{B58CBF09-52EA-4466-B5D2-2664018E7561}.Release|x86.Build.0 = Release|x86
		{2386F6A0-91B2-4D1A-8DBC-92109924AFFE}.Debug|Any CPU.ActiveCfg = Debug|Any CPU
		{2386F6A0-91B2-4D1A-8DBC-92109924AFFE}.Debug|Any CPU.Build.0 = Debug|Any CPU
		{2386F6A0-91B2-4D1A-8DBC-92109924AFFE}.Debug|Mixed Platforms.ActiveCfg = Debug|Any CPU
		{2386F6A0-91B2-4D1A-8DBC-92109924AFFE}.Debug|Mixed Platforms.Build.0 = Debug|Any CPU
		{2386F6A0-91B2-4D1A-8DBC-92109924AFFE}.Debug|x86.ActiveCfg = Debug|Any CPU
		{2386F6A0-91B2-4D1A-8DBC-92109924AFFE}.Release|Any CPU.ActiveCfg = Release|Any CPU
		{2386F6A0-91B2-4D1A-8DBC-92109924AFFE}.Release|Any CPU.Build.0 = Release|Any CPU
		{2386F6A0-91B2-4D1A-8DBC-92109924AFFE}.Release|Mixed Platforms.ActiveCfg = Release|Any CPU
		{2386F6A0-91B2-4D1A-8DBC-92109924AFFE}.Release|Mixed Platforms.Build.0 = Release|Any CPU
		{2386F6A0-91B2-4D1A-8DBC-92109924AFFE}.Release|x86.ActiveCfg = Release|Any CPU
		{B184E8F8-A507-4C3D-B580-184E3776A95C}.Debug|Any CPU.ActiveCfg = Debug|Any CPU
		{B184E8F8-A507-4C3D-B580-184E3776A95C}.Debug|Any CPU.Build.0 = Debug|Any CPU
		{B184E8F8-A507-4C3D-B580-184E3776A95C}.Debug|Mixed Platforms.ActiveCfg = Debug|Any CPU
		{B184E8F8-A507-4C3D-B580-184E3776A95C}.Debug|Mixed Platforms.Build.0 = Debug|Any CPU
		{B184E8F8-A507-4C3D-B580-184E3776A95C}.Debug|x86.ActiveCfg = Debug|Any CPU
		{B184E8F8-A507-4C3D-B580-184E3776A95C}.Release|Any CPU.ActiveCfg = Release|Any CPU
		{B184E8F8-A507-4C3D-B580-184E3776A95C}.Release|Any CPU.Build.0 = Release|Any CPU
		{B184E8F8-A507-4C3D-B580-184E3776A95C}.Release|Mixed Platforms.ActiveCfg = Release|Any CPU
		{B184E8F8-A507-4C3D-B580-184E3776A95C}.Release|Mixed Platforms.Build.0 = Release|Any CPU
		{B184E8F8-A507-4C3D-B580-184E3776A95C}.Release|x86.ActiveCfg = Release|Any CPU
		{9E6FF3D9-BAE7-4E48-B144-0859BE28C570}.Debug|Any CPU.ActiveCfg = Debug|Any CPU
		{9E6FF3D9-BAE7-4E48-B144-0859BE28C570}.Debug|Any CPU.Build.0 = Debug|Any CPU
		{9E6FF3D9-BAE7-4E48-B144-0859BE28C570}.Debug|Mixed Platforms.ActiveCfg = Debug|Any CPU
		{9E6FF3D9-BAE7-4E48-B144-0859BE28C570}.Debug|Mixed Platforms.Build.0 = Debug|Any CPU
		{9E6FF3D9-BAE7-4E48-B144-0859BE28C570}.Debug|x86.ActiveCfg = Debug|Any CPU
		{9E6FF3D9-BAE7-4E48-B144-0859BE28C570}.Release|Any CPU.ActiveCfg = Release|Any CPU
		{9E6FF3D9-BAE7-4E48-B144-0859BE28C570}.Release|Any CPU.Build.0 = Release|Any CPU
		{9E6FF3D9-BAE7-4E48-B144-0859BE28C570}.Release|Mixed Platforms.ActiveCfg = Release|Any CPU
		{9E6FF3D9-BAE7-4E48-B144-0859BE28C570}.Release|Mixed Platforms.Build.0 = Release|Any CPU
		{9E6FF3D9-BAE7-4E48-B144-0859BE28C570}.Release|x86.ActiveCfg = Release|Any CPU
		{1AE61C89-EBFD-498D-9F53-6319B302CDBF}.Debug|Any CPU.ActiveCfg = Debug|Any CPU
		{1AE61C89-EBFD-498D-9F53-6319B302CDBF}.Debug|Any CPU.Build.0 = Debug|Any CPU
		{1AE61C89-EBFD-498D-9F53-6319B302CDBF}.Debug|Mixed Platforms.ActiveCfg = Debug|Any CPU
		{1AE61C89-EBFD-498D-9F53-6319B302CDBF}.Debug|Mixed Platforms.Build.0 = Debug|Any CPU
		{1AE61C89-EBFD-498D-9F53-6319B302CDBF}.Debug|x86.ActiveCfg = Debug|Any CPU
		{1AE61C89-EBFD-498D-9F53-6319B302CDBF}.Release|Any CPU.ActiveCfg = Release|Any CPU
		{1AE61C89-EBFD-498D-9F53-6319B302CDBF}.Release|Any CPU.Build.0 = Release|Any CPU
		{1AE61C89-EBFD-498D-9F53-6319B302CDBF}.Release|Mixed Platforms.ActiveCfg = Release|Any CPU
		{1AE61C89-EBFD-498D-9F53-6319B302CDBF}.Release|Mixed Platforms.Build.0 = Release|Any CPU
		{1AE61C89-EBFD-498D-9F53-6319B302CDBF}.Release|x86.ActiveCfg = Release|Any CPU
		{8DA03815-ED56-40C5-83CA-6DFBB1F19C4F}.Debug|Any CPU.ActiveCfg = Debug|Any CPU
		{8DA03815-ED56-40C5-83CA-6DFBB1F19C4F}.Debug|Any CPU.Build.0 = Debug|Any CPU
		{8DA03815-ED56-40C5-83CA-6DFBB1F19C4F}.Debug|Mixed Platforms.ActiveCfg = Debug|Any CPU
		{8DA03815-ED56-40C5-83CA-6DFBB1F19C4F}.Debug|Mixed Platforms.Build.0 = Debug|Any CPU
		{8DA03815-ED56-40C5-83CA-6DFBB1F19C4F}.Debug|x86.ActiveCfg = Debug|Any CPU
		{8DA03815-ED56-40C5-83CA-6DFBB1F19C4F}.Release|Any CPU.ActiveCfg = Release|Any CPU
		{8DA03815-ED56-40C5-83CA-6DFBB1F19C4F}.Release|Any CPU.Build.0 = Release|Any CPU
		{8DA03815-ED56-40C5-83CA-6DFBB1F19C4F}.Release|Mixed Platforms.ActiveCfg = Release|Any CPU
		{8DA03815-ED56-40C5-83CA-6DFBB1F19C4F}.Release|Mixed Platforms.Build.0 = Release|Any CPU
		{8DA03815-ED56-40C5-83CA-6DFBB1F19C4F}.Release|x86.ActiveCfg = Release|Any CPU
		{FE1A894E-D55E-4CEA-980A-1C678A2453FC}.Debug|Any CPU.ActiveCfg = Debug|Any CPU
		{FE1A894E-D55E-4CEA-980A-1C678A2453FC}.Debug|Any CPU.Build.0 = Debug|Any CPU
		{FE1A894E-D55E-4CEA-980A-1C678A2453FC}.Debug|Mixed Platforms.ActiveCfg = Debug|Any CPU
		{FE1A894E-D55E-4CEA-980A-1C678A2453FC}.Debug|Mixed Platforms.Build.0 = Debug|Any CPU
		{FE1A894E-D55E-4CEA-980A-1C678A2453FC}.Debug|x86.ActiveCfg = Debug|Any CPU
		{FE1A894E-D55E-4CEA-980A-1C678A2453FC}.Release|Any CPU.ActiveCfg = Release|Any CPU
		{FE1A894E-D55E-4CEA-980A-1C678A2453FC}.Release|Any CPU.Build.0 = Release|Any CPU
		{FE1A894E-D55E-4CEA-980A-1C678A2453FC}.Release|Mixed Platforms.ActiveCfg = Release|Any CPU
		{FE1A894E-D55E-4CEA-980A-1C678A2453FC}.Release|Mixed Platforms.Build.0 = Release|Any CPU
		{FE1A894E-D55E-4CEA-980A-1C678A2453FC}.Release|x86.ActiveCfg = Release|Any CPU
		{3B7CF671-E246-4284-9DEB-F7F8CD784ED1}.Debug|Any CPU.ActiveCfg = Debug|Any CPU
		{3B7CF671-E246-4284-9DEB-F7F8CD784ED1}.Debug|Any CPU.Build.0 = Debug|Any CPU
		{3B7CF671-E246-4284-9DEB-F7F8CD784ED1}.Debug|Mixed Platforms.ActiveCfg = Debug|Any CPU
		{3B7CF671-E246-4284-9DEB-F7F8CD784ED1}.Debug|Mixed Platforms.Build.0 = Debug|Any CPU
		{3B7CF671-E246-4284-9DEB-F7F8CD784ED1}.Debug|x86.ActiveCfg = Debug|Any CPU
		{3B7CF671-E246-4284-9DEB-F7F8CD784ED1}.Release|Any CPU.ActiveCfg = Release|Any CPU
		{3B7CF671-E246-4284-9DEB-F7F8CD784ED1}.Release|Any CPU.Build.0 = Release|Any CPU
		{3B7CF671-E246-4284-9DEB-F7F8CD784ED1}.Release|Mixed Platforms.ActiveCfg = Release|Any CPU
		{3B7CF671-E246-4284-9DEB-F7F8CD784ED1}.Release|Mixed Platforms.Build.0 = Release|Any CPU
		{3B7CF671-E246-4284-9DEB-F7F8CD784ED1}.Release|x86.ActiveCfg = Release|Any CPU
		{413B698C-0D7D-4FCD-9F16-AF51AED4E647}.Debug|Any CPU.ActiveCfg = Debug|Any CPU
		{413B698C-0D7D-4FCD-9F16-AF51AED4E647}.Debug|Any CPU.Build.0 = Debug|Any CPU
		{413B698C-0D7D-4FCD-9F16-AF51AED4E647}.Debug|Mixed Platforms.ActiveCfg = Debug|Any CPU
		{413B698C-0D7D-4FCD-9F16-AF51AED4E647}.Debug|Mixed Platforms.Build.0 = Debug|Any CPU
		{413B698C-0D7D-4FCD-9F16-AF51AED4E647}.Debug|x86.ActiveCfg = Debug|Any CPU
		{413B698C-0D7D-4FCD-9F16-AF51AED4E647}.Release|Any CPU.ActiveCfg = Release|Any CPU
		{413B698C-0D7D-4FCD-9F16-AF51AED4E647}.Release|Any CPU.Build.0 = Release|Any CPU
		{413B698C-0D7D-4FCD-9F16-AF51AED4E647}.Release|Mixed Platforms.ActiveCfg = Release|Any CPU
		{413B698C-0D7D-4FCD-9F16-AF51AED4E647}.Release|Mixed Platforms.Build.0 = Release|Any CPU
		{413B698C-0D7D-4FCD-9F16-AF51AED4E647}.Release|x86.ActiveCfg = Release|Any CPU
		{A31255F4-E8D8-4D8E-B25A-48FB7ED059F5}.Debug|Any CPU.ActiveCfg = Debug|x86
		{A31255F4-E8D8-4D8E-B25A-48FB7ED059F5}.Debug|Mixed Platforms.ActiveCfg = Debug|x86
		{A31255F4-E8D8-4D8E-B25A-48FB7ED059F5}.Debug|Mixed Platforms.Build.0 = Debug|x86
		{A31255F4-E8D8-4D8E-B25A-48FB7ED059F5}.Debug|x86.ActiveCfg = Debug|x86
		{A31255F4-E8D8-4D8E-B25A-48FB7ED059F5}.Debug|x86.Build.0 = Debug|x86
		{A31255F4-E8D8-4D8E-B25A-48FB7ED059F5}.Release|Any CPU.ActiveCfg = Release|x86
		{A31255F4-E8D8-4D8E-B25A-48FB7ED059F5}.Release|Mixed Platforms.ActiveCfg = Release|x86
		{A31255F4-E8D8-4D8E-B25A-48FB7ED059F5}.Release|Mixed Platforms.Build.0 = Release|x86
		{A31255F4-E8D8-4D8E-B25A-48FB7ED059F5}.Release|x86.ActiveCfg = Release|x86
		{A31255F4-E8D8-4D8E-B25A-48FB7ED059F5}.Release|x86.Build.0 = Release|x86
		{2D64F506-D566-4CA5-A19C-BCB5F9A2E7F4}.Debug|Any CPU.ActiveCfg = Debug|Any CPU
		{2D64F506-D566-4CA5-A19C-BCB5F9A2E7F4}.Debug|Any CPU.Build.0 = Debug|Any CPU
		{2D64F506-D566-4CA5-A19C-BCB5F9A2E7F4}.Debug|Mixed Platforms.ActiveCfg = Debug|Any CPU
		{2D64F506-D566-4CA5-A19C-BCB5F9A2E7F4}.Debug|Mixed Platforms.Build.0 = Debug|Any CPU
		{2D64F506-D566-4CA5-A19C-BCB5F9A2E7F4}.Debug|x86.ActiveCfg = Debug|Any CPU
		{2D64F506-D566-4CA5-A19C-BCB5F9A2E7F4}.Release|Any CPU.ActiveCfg = Release|Any CPU
		{2D64F506-D566-4CA5-A19C-BCB5F9A2E7F4}.Release|Any CPU.Build.0 = Release|Any CPU
		{2D64F506-D566-4CA5-A19C-BCB5F9A2E7F4}.Release|Mixed Platforms.ActiveCfg = Release|Any CPU
		{2D64F506-D566-4CA5-A19C-BCB5F9A2E7F4}.Release|Mixed Platforms.Build.0 = Release|Any CPU
		{2D64F506-D566-4CA5-A19C-BCB5F9A2E7F4}.Release|x86.ActiveCfg = Release|Any CPU
		{4F2C080C-FF9C-4604-8DAF-C5732BC17A05}.Debug|Any CPU.ActiveCfg = Debug|Any CPU
		{4F2C080C-FF9C-4604-8DAF-C5732BC17A05}.Debug|Any CPU.Build.0 = Debug|Any CPU
		{4F2C080C-FF9C-4604-8DAF-C5732BC17A05}.Debug|Mixed Platforms.ActiveCfg = Debug|Any CPU
		{4F2C080C-FF9C-4604-8DAF-C5732BC17A05}.Debug|Mixed Platforms.Build.0 = Debug|Any CPU
		{4F2C080C-FF9C-4604-8DAF-C5732BC17A05}.Debug|x86.ActiveCfg = Debug|Any CPU
		{4F2C080C-FF9C-4604-8DAF-C5732BC17A05}.Release|Any CPU.ActiveCfg = Release|Any CPU
		{4F2C080C-FF9C-4604-8DAF-C5732BC17A05}.Release|Any CPU.Build.0 = Release|Any CPU
		{4F2C080C-FF9C-4604-8DAF-C5732BC17A05}.Release|Mixed Platforms.ActiveCfg = Release|Any CPU
		{4F2C080C-FF9C-4604-8DAF-C5732BC17A05}.Release|Mixed Platforms.Build.0 = Release|Any CPU
		{4F2C080C-FF9C-4604-8DAF-C5732BC17A05}.Release|x86.ActiveCfg = Release|Any CPU
		{9497C48E-B9B5-4869-820E-09ECE4347632}.Debug|Any CPU.ActiveCfg = Debug|Any CPU
		{9497C48E-B9B5-4869-820E-09ECE4347632}.Debug|Any CPU.Build.0 = Debug|Any CPU
		{9497C48E-B9B5-4869-820E-09ECE4347632}.Debug|Mixed Platforms.ActiveCfg = Debug|Any CPU
		{9497C48E-B9B5-4869-820E-09ECE4347632}.Debug|Mixed Platforms.Build.0 = Debug|Any CPU
		{9497C48E-B9B5-4869-820E-09ECE4347632}.Debug|x86.ActiveCfg = Debug|Any CPU
		{9497C48E-B9B5-4869-820E-09ECE4347632}.Release|Any CPU.ActiveCfg = Release|Any CPU
		{9497C48E-B9B5-4869-820E-09ECE4347632}.Release|Any CPU.Build.0 = Release|Any CPU
		{9497C48E-B9B5-4869-820E-09ECE4347632}.Release|Mixed Platforms.ActiveCfg = Release|Any CPU
		{9497C48E-B9B5-4869-820E-09ECE4347632}.Release|Mixed Platforms.Build.0 = Release|Any CPU
		{9497C48E-B9B5-4869-820E-09ECE4347632}.Release|x86.ActiveCfg = Release|Any CPU
		{434D497A-D439-44C8-84A5-5301B572708F}.Debug|Any CPU.ActiveCfg = Debug|Any CPU
		{434D497A-D439-44C8-84A5-5301B572708F}.Debug|Any CPU.Build.0 = Debug|Any CPU
		{434D497A-D439-44C8-84A5-5301B572708F}.Debug|Mixed Platforms.ActiveCfg = Debug|Any CPU
		{434D497A-D439-44C8-84A5-5301B572708F}.Debug|Mixed Platforms.Build.0 = Debug|Any CPU
		{434D497A-D439-44C8-84A5-5301B572708F}.Debug|x86.ActiveCfg = Debug|Any CPU
		{434D497A-D439-44C8-84A5-5301B572708F}.Release|Any CPU.ActiveCfg = Release|Any CPU
		{434D497A-D439-44C8-84A5-5301B572708F}.Release|Any CPU.Build.0 = Release|Any CPU
		{434D497A-D439-44C8-84A5-5301B572708F}.Release|Mixed Platforms.ActiveCfg = Release|Any CPU
		{434D497A-D439-44C8-84A5-5301B572708F}.Release|Mixed Platforms.Build.0 = Release|Any CPU
		{434D497A-D439-44C8-84A5-5301B572708F}.Release|x86.ActiveCfg = Release|Any CPU
		{3AED3A4C-F3D7-4D29-BF58-85743E4F7AFD}.Debug|Any CPU.ActiveCfg = Debug|Any CPU
		{3AED3A4C-F3D7-4D29-BF58-85743E4F7AFD}.Debug|Any CPU.Build.0 = Debug|Any CPU
		{3AED3A4C-F3D7-4D29-BF58-85743E4F7AFD}.Debug|Mixed Platforms.ActiveCfg = Debug|Any CPU
		{3AED3A4C-F3D7-4D29-BF58-85743E4F7AFD}.Debug|Mixed Platforms.Build.0 = Debug|Any CPU
		{3AED3A4C-F3D7-4D29-BF58-85743E4F7AFD}.Debug|x86.ActiveCfg = Debug|Any CPU
		{3AED3A4C-F3D7-4D29-BF58-85743E4F7AFD}.Release|Any CPU.ActiveCfg = Release|Any CPU
		{3AED3A4C-F3D7-4D29-BF58-85743E4F7AFD}.Release|Any CPU.Build.0 = Release|Any CPU
		{3AED3A4C-F3D7-4D29-BF58-85743E4F7AFD}.Release|Mixed Platforms.ActiveCfg = Release|Any CPU
		{3AED3A4C-F3D7-4D29-BF58-85743E4F7AFD}.Release|Mixed Platforms.Build.0 = Release|Any CPU
		{3AED3A4C-F3D7-4D29-BF58-85743E4F7AFD}.Release|x86.ActiveCfg = Release|Any CPU
		{04ED7BE0-8768-4A8D-B1ED-C92CB60789EF}.Debug|Any CPU.ActiveCfg = Debug|Any CPU
		{04ED7BE0-8768-4A8D-B1ED-C92CB60789EF}.Debug|Any CPU.Build.0 = Debug|Any CPU
		{04ED7BE0-8768-4A8D-B1ED-C92CB60789EF}.Debug|Mixed Platforms.ActiveCfg = Debug|Any CPU
		{04ED7BE0-8768-4A8D-B1ED-C92CB60789EF}.Debug|Mixed Platforms.Build.0 = Debug|Any CPU
		{04ED7BE0-8768-4A8D-B1ED-C92CB60789EF}.Debug|x86.ActiveCfg = Debug|Any CPU
		{04ED7BE0-8768-4A8D-B1ED-C92CB60789EF}.Release|Any CPU.ActiveCfg = Release|Any CPU
		{04ED7BE0-8768-4A8D-B1ED-C92CB60789EF}.Release|Any CPU.Build.0 = Release|Any CPU
		{04ED7BE0-8768-4A8D-B1ED-C92CB60789EF}.Release|Mixed Platforms.ActiveCfg = Release|Any CPU
		{04ED7BE0-8768-4A8D-B1ED-C92CB60789EF}.Release|Mixed Platforms.Build.0 = Release|Any CPU
		{04ED7BE0-8768-4A8D-B1ED-C92CB60789EF}.Release|x86.ActiveCfg = Release|Any CPU
		{E93B6838-9B18-4718-AB7B-2EA5232518C3}.Debug|Any CPU.ActiveCfg = Debug|Any CPU
		{E93B6838-9B18-4718-AB7B-2EA5232518C3}.Debug|Any CPU.Build.0 = Debug|Any CPU
		{E93B6838-9B18-4718-AB7B-2EA5232518C3}.Debug|Mixed Platforms.ActiveCfg = Debug|Any CPU
		{E93B6838-9B18-4718-AB7B-2EA5232518C3}.Debug|Mixed Platforms.Build.0 = Debug|Any CPU
		{E93B6838-9B18-4718-AB7B-2EA5232518C3}.Debug|x86.ActiveCfg = Debug|Any CPU
		{E93B6838-9B18-4718-AB7B-2EA5232518C3}.Release|Any CPU.ActiveCfg = Release|Any CPU
		{E93B6838-9B18-4718-AB7B-2EA5232518C3}.Release|Any CPU.Build.0 = Release|Any CPU
		{E93B6838-9B18-4718-AB7B-2EA5232518C3}.Release|Mixed Platforms.ActiveCfg = Release|Any CPU
		{E93B6838-9B18-4718-AB7B-2EA5232518C3}.Release|Mixed Platforms.Build.0 = Release|Any CPU
		{E93B6838-9B18-4718-AB7B-2EA5232518C3}.Release|x86.ActiveCfg = Release|Any CPU
		{629A2D7C-9014-4A85-A1E9-26161D5B3043}.Debug|Any CPU.ActiveCfg = Debug|Any CPU
		{629A2D7C-9014-4A85-A1E9-26161D5B3043}.Debug|Any CPU.Build.0 = Debug|Any CPU
		{629A2D7C-9014-4A85-A1E9-26161D5B3043}.Debug|Mixed Platforms.ActiveCfg = Debug|Any CPU
		{629A2D7C-9014-4A85-A1E9-26161D5B3043}.Debug|Mixed Platforms.Build.0 = Debug|Any CPU
		{629A2D7C-9014-4A85-A1E9-26161D5B3043}.Debug|x86.ActiveCfg = Debug|Any CPU
		{629A2D7C-9014-4A85-A1E9-26161D5B3043}.Release|Any CPU.ActiveCfg = Release|Any CPU
		{629A2D7C-9014-4A85-A1E9-26161D5B3043}.Release|Any CPU.Build.0 = Release|Any CPU
		{629A2D7C-9014-4A85-A1E9-26161D5B3043}.Release|Mixed Platforms.ActiveCfg = Release|Any CPU
		{629A2D7C-9014-4A85-A1E9-26161D5B3043}.Release|Mixed Platforms.Build.0 = Release|Any CPU
		{629A2D7C-9014-4A85-A1E9-26161D5B3043}.Release|x86.ActiveCfg = Release|Any CPU
		{406B96A6-C886-4149-AD88-A2402EDB2B90}.Debug|Any CPU.ActiveCfg = Debug|Any CPU
		{406B96A6-C886-4149-AD88-A2402EDB2B90}.Debug|Any CPU.Build.0 = Debug|Any CPU
		{406B96A6-C886-4149-AD88-A2402EDB2B90}.Debug|Mixed Platforms.ActiveCfg = Debug|Any CPU
		{406B96A6-C886-4149-AD88-A2402EDB2B90}.Debug|Mixed Platforms.Build.0 = Debug|Any CPU
		{406B96A6-C886-4149-AD88-A2402EDB2B90}.Debug|x86.ActiveCfg = Debug|Any CPU
		{406B96A6-C886-4149-AD88-A2402EDB2B90}.Release|Any CPU.ActiveCfg = Release|Any CPU
		{406B96A6-C886-4149-AD88-A2402EDB2B90}.Release|Any CPU.Build.0 = Release|Any CPU
		{406B96A6-C886-4149-AD88-A2402EDB2B90}.Release|Mixed Platforms.ActiveCfg = Release|Any CPU
		{406B96A6-C886-4149-AD88-A2402EDB2B90}.Release|Mixed Platforms.Build.0 = Release|Any CPU
		{406B96A6-C886-4149-AD88-A2402EDB2B90}.Release|x86.ActiveCfg = Release|Any CPU
		{512FD53F-9AD1-46A1-A961-9FABDFAD50C5}.Debug|Any CPU.ActiveCfg = Debug|Any CPU
		{512FD53F-9AD1-46A1-A961-9FABDFAD50C5}.Debug|Any CPU.Build.0 = Debug|Any CPU
		{512FD53F-9AD1-46A1-A961-9FABDFAD50C5}.Debug|Mixed Platforms.ActiveCfg = Debug|Any CPU
		{512FD53F-9AD1-46A1-A961-9FABDFAD50C5}.Debug|Mixed Platforms.Build.0 = Debug|Any CPU
		{512FD53F-9AD1-46A1-A961-9FABDFAD50C5}.Debug|x86.ActiveCfg = Debug|Any CPU
		{512FD53F-9AD1-46A1-A961-9FABDFAD50C5}.Release|Any CPU.ActiveCfg = Release|Any CPU
		{512FD53F-9AD1-46A1-A961-9FABDFAD50C5}.Release|Any CPU.Build.0 = Release|Any CPU
		{512FD53F-9AD1-46A1-A961-9FABDFAD50C5}.Release|Mixed Platforms.ActiveCfg = Release|Any CPU
		{512FD53F-9AD1-46A1-A961-9FABDFAD50C5}.Release|Mixed Platforms.Build.0 = Release|Any CPU
		{512FD53F-9AD1-46A1-A961-9FABDFAD50C5}.Release|x86.ActiveCfg = Release|Any CPU
		{EDEF0022-075C-4DEC-853F-6558F9E8438A}.Debug|Any CPU.ActiveCfg = Debug|Any CPU
		{EDEF0022-075C-4DEC-853F-6558F9E8438A}.Debug|Any CPU.Build.0 = Debug|Any CPU
		{EDEF0022-075C-4DEC-853F-6558F9E8438A}.Debug|Mixed Platforms.ActiveCfg = Debug|Any CPU
		{EDEF0022-075C-4DEC-853F-6558F9E8438A}.Debug|Mixed Platforms.Build.0 = Debug|Any CPU
		{EDEF0022-075C-4DEC-853F-6558F9E8438A}.Debug|x86.ActiveCfg = Debug|Any CPU
		{EDEF0022-075C-4DEC-853F-6558F9E8438A}.Release|Any CPU.ActiveCfg = Release|Any CPU
		{EDEF0022-075C-4DEC-853F-6558F9E8438A}.Release|Any CPU.Build.0 = Release|Any CPU
		{EDEF0022-075C-4DEC-853F-6558F9E8438A}.Release|Mixed Platforms.ActiveCfg = Release|Any CPU
		{EDEF0022-075C-4DEC-853F-6558F9E8438A}.Release|Mixed Platforms.Build.0 = Release|Any CPU
		{EDEF0022-075C-4DEC-853F-6558F9E8438A}.Release|x86.ActiveCfg = Release|Any CPU
		{3F15FA1B-DB89-418B-8E7C-E7747D9098FF}.Debug|Any CPU.ActiveCfg = Debug|Any CPU
		{3F15FA1B-DB89-418B-8E7C-E7747D9098FF}.Debug|Any CPU.Build.0 = Debug|Any CPU
		{3F15FA1B-DB89-418B-8E7C-E7747D9098FF}.Debug|Mixed Platforms.ActiveCfg = Debug|Any CPU
		{3F15FA1B-DB89-418B-8E7C-E7747D9098FF}.Debug|Mixed Platforms.Build.0 = Debug|Any CPU
		{3F15FA1B-DB89-418B-8E7C-E7747D9098FF}.Debug|x86.ActiveCfg = Debug|Any CPU
		{3F15FA1B-DB89-418B-8E7C-E7747D9098FF}.Release|Any CPU.ActiveCfg = Release|Any CPU
		{3F15FA1B-DB89-418B-8E7C-E7747D9098FF}.Release|Any CPU.Build.0 = Release|Any CPU
		{3F15FA1B-DB89-418B-8E7C-E7747D9098FF}.Release|Mixed Platforms.ActiveCfg = Release|Any CPU
		{3F15FA1B-DB89-418B-8E7C-E7747D9098FF}.Release|Mixed Platforms.Build.0 = Release|Any CPU
		{3F15FA1B-DB89-418B-8E7C-E7747D9098FF}.Release|x86.ActiveCfg = Release|Any CPU
		{19D333D1-D336-41C3-9B1E-55E760E6B026}.Debug|Any CPU.ActiveCfg = Debug|Any CPU
		{19D333D1-D336-41C3-9B1E-55E760E6B026}.Debug|Any CPU.Build.0 = Debug|Any CPU
		{19D333D1-D336-41C3-9B1E-55E760E6B026}.Debug|Mixed Platforms.ActiveCfg = Debug|Any CPU
		{19D333D1-D336-41C3-9B1E-55E760E6B026}.Debug|Mixed Platforms.Build.0 = Debug|Any CPU
		{19D333D1-D336-41C3-9B1E-55E760E6B026}.Debug|x86.ActiveCfg = Debug|Any CPU
		{19D333D1-D336-41C3-9B1E-55E760E6B026}.Release|Any CPU.ActiveCfg = Release|Any CPU
		{19D333D1-D336-41C3-9B1E-55E760E6B026}.Release|Any CPU.Build.0 = Release|Any CPU
		{19D333D1-D336-41C3-9B1E-55E760E6B026}.Release|Mixed Platforms.ActiveCfg = Release|Any CPU
		{19D333D1-D336-41C3-9B1E-55E760E6B026}.Release|Mixed Platforms.Build.0 = Release|Any CPU
		{19D333D1-D336-41C3-9B1E-55E760E6B026}.Release|x86.ActiveCfg = Release|Any CPU
		{0FE1BF9D-225A-4D7F-8AB5-102138110999}.Debug|Any CPU.ActiveCfg = Debug|Any CPU
		{0FE1BF9D-225A-4D7F-8AB5-102138110999}.Debug|Any CPU.Build.0 = Debug|Any CPU
		{0FE1BF9D-225A-4D7F-8AB5-102138110999}.Debug|Mixed Platforms.ActiveCfg = Debug|Any CPU
		{0FE1BF9D-225A-4D7F-8AB5-102138110999}.Debug|Mixed Platforms.Build.0 = Debug|Any CPU
		{0FE1BF9D-225A-4D7F-8AB5-102138110999}.Debug|x86.ActiveCfg = Debug|Any CPU
		{0FE1BF9D-225A-4D7F-8AB5-102138110999}.Release|Any CPU.ActiveCfg = Release|Any CPU
		{0FE1BF9D-225A-4D7F-8AB5-102138110999}.Release|Any CPU.Build.0 = Release|Any CPU
		{0FE1BF9D-225A-4D7F-8AB5-102138110999}.Release|Mixed Platforms.ActiveCfg = Release|Any CPU
		{0FE1BF9D-225A-4D7F-8AB5-102138110999}.Release|Mixed Platforms.Build.0 = Release|Any CPU
		{0FE1BF9D-225A-4D7F-8AB5-102138110999}.Release|x86.ActiveCfg = Release|Any CPU
		{EAA09B33-28AD-4F33-A2E8-4DBCB42457D0}.Debug|Any CPU.ActiveCfg = Debug|Any CPU
		{EAA09B33-28AD-4F33-A2E8-4DBCB42457D0}.Debug|Any CPU.Build.0 = Debug|Any CPU
		{EAA09B33-28AD-4F33-A2E8-4DBCB42457D0}.Debug|Mixed Platforms.ActiveCfg = Debug|Any CPU
		{EAA09B33-28AD-4F33-A2E8-4DBCB42457D0}.Debug|Mixed Platforms.Build.0 = Debug|Any CPU
		{EAA09B33-28AD-4F33-A2E8-4DBCB42457D0}.Debug|x86.ActiveCfg = Debug|Any CPU
		{EAA09B33-28AD-4F33-A2E8-4DBCB42457D0}.Release|Any CPU.ActiveCfg = Release|Any CPU
		{EAA09B33-28AD-4F33-A2E8-4DBCB42457D0}.Release|Any CPU.Build.0 = Release|Any CPU
		{EAA09B33-28AD-4F33-A2E8-4DBCB42457D0}.Release|Mixed Platforms.ActiveCfg = Release|Any CPU
		{EAA09B33-28AD-4F33-A2E8-4DBCB42457D0}.Release|Mixed Platforms.Build.0 = Release|Any CPU
		{EAA09B33-28AD-4F33-A2E8-4DBCB42457D0}.Release|x86.ActiveCfg = Release|Any CPU
		{534CEC53-1EBC-4386-95E3-0E451FCB388A}.Debug|Any CPU.ActiveCfg = Debug|Any CPU
		{534CEC53-1EBC-4386-95E3-0E451FCB388A}.Debug|Any CPU.Build.0 = Debug|Any CPU
		{534CEC53-1EBC-4386-95E3-0E451FCB388A}.Debug|Mixed Platforms.ActiveCfg = Debug|Any CPU
		{534CEC53-1EBC-4386-95E3-0E451FCB388A}.Debug|Mixed Platforms.Build.0 = Debug|Any CPU
		{534CEC53-1EBC-4386-95E3-0E451FCB388A}.Debug|x86.ActiveCfg = Debug|Any CPU
		{534CEC53-1EBC-4386-95E3-0E451FCB388A}.Release|Any CPU.ActiveCfg = Release|Any CPU
		{534CEC53-1EBC-4386-95E3-0E451FCB388A}.Release|Any CPU.Build.0 = Release|Any CPU
		{534CEC53-1EBC-4386-95E3-0E451FCB388A}.Release|Mixed Platforms.ActiveCfg = Release|Any CPU
		{534CEC53-1EBC-4386-95E3-0E451FCB388A}.Release|Mixed Platforms.Build.0 = Release|Any CPU
		{534CEC53-1EBC-4386-95E3-0E451FCB388A}.Release|x86.ActiveCfg = Release|Any CPU
		{F30AA5E9-0C10-438D-9DC7-5A8F3FC5D95D}.Debug|Any CPU.ActiveCfg = Debug|Any CPU
		{F30AA5E9-0C10-438D-9DC7-5A8F3FC5D95D}.Debug|Any CPU.Build.0 = Debug|Any CPU
		{F30AA5E9-0C10-438D-9DC7-5A8F3FC5D95D}.Debug|Mixed Platforms.ActiveCfg = Debug|Any CPU
		{F30AA5E9-0C10-438D-9DC7-5A8F3FC5D95D}.Debug|Mixed Platforms.Build.0 = Debug|Any CPU
		{F30AA5E9-0C10-438D-9DC7-5A8F3FC5D95D}.Debug|x86.ActiveCfg = Debug|Any CPU
		{F30AA5E9-0C10-438D-9DC7-5A8F3FC5D95D}.Release|Any CPU.ActiveCfg = Release|Any CPU
		{F30AA5E9-0C10-438D-9DC7-5A8F3FC5D95D}.Release|Any CPU.Build.0 = Release|Any CPU
		{F30AA5E9-0C10-438D-9DC7-5A8F3FC5D95D}.Release|Mixed Platforms.ActiveCfg = Release|Any CPU
		{F30AA5E9-0C10-438D-9DC7-5A8F3FC5D95D}.Release|Mixed Platforms.Build.0 = Release|Any CPU
		{F30AA5E9-0C10-438D-9DC7-5A8F3FC5D95D}.Release|x86.ActiveCfg = Release|Any CPU
		{B75C6387-9855-44BF-886E-5BB60D643AD2}.Debug|Any CPU.ActiveCfg = Debug|Any CPU
		{B75C6387-9855-44BF-886E-5BB60D643AD2}.Debug|Any CPU.Build.0 = Debug|Any CPU
		{B75C6387-9855-44BF-886E-5BB60D643AD2}.Debug|Mixed Platforms.ActiveCfg = Debug|Any CPU
		{B75C6387-9855-44BF-886E-5BB60D643AD2}.Debug|Mixed Platforms.Build.0 = Debug|Any CPU
		{B75C6387-9855-44BF-886E-5BB60D643AD2}.Debug|x86.ActiveCfg = Debug|Any CPU
		{B75C6387-9855-44BF-886E-5BB60D643AD2}.Release|Any CPU.ActiveCfg = Release|Any CPU
		{B75C6387-9855-44BF-886E-5BB60D643AD2}.Release|Any CPU.Build.0 = Release|Any CPU
		{B75C6387-9855-44BF-886E-5BB60D643AD2}.Release|Mixed Platforms.ActiveCfg = Release|Any CPU
		{B75C6387-9855-44BF-886E-5BB60D643AD2}.Release|Mixed Platforms.Build.0 = Release|Any CPU
		{B75C6387-9855-44BF-886E-5BB60D643AD2}.Release|x86.ActiveCfg = Release|Any CPU
		{51FCBCEF-D8B5-49D5-B18D-E6C7D5217D21}.Debug|Any CPU.ActiveCfg = Debug|Any CPU
		{51FCBCEF-D8B5-49D5-B18D-E6C7D5217D21}.Debug|Any CPU.Build.0 = Debug|Any CPU
		{51FCBCEF-D8B5-49D5-B18D-E6C7D5217D21}.Debug|Mixed Platforms.ActiveCfg = Debug|Any CPU
		{51FCBCEF-D8B5-49D5-B18D-E6C7D5217D21}.Debug|Mixed Platforms.Build.0 = Debug|Any CPU
		{51FCBCEF-D8B5-49D5-B18D-E6C7D5217D21}.Debug|x86.ActiveCfg = Debug|Any CPU
		{51FCBCEF-D8B5-49D5-B18D-E6C7D5217D21}.Release|Any CPU.ActiveCfg = Release|Any CPU
		{51FCBCEF-D8B5-49D5-B18D-E6C7D5217D21}.Release|Any CPU.Build.0 = Release|Any CPU
		{51FCBCEF-D8B5-49D5-B18D-E6C7D5217D21}.Release|Mixed Platforms.ActiveCfg = Release|Any CPU
		{51FCBCEF-D8B5-49D5-B18D-E6C7D5217D21}.Release|Mixed Platforms.Build.0 = Release|Any CPU
		{51FCBCEF-D8B5-49D5-B18D-E6C7D5217D21}.Release|x86.ActiveCfg = Release|Any CPU
		{F7FB0F2D-DBD6-4C97-AC45-CE4DC5F2FBD6}.Debug|Any CPU.ActiveCfg = Debug|Any CPU
		{F7FB0F2D-DBD6-4C97-AC45-CE4DC5F2FBD6}.Debug|Any CPU.Build.0 = Debug|Any CPU
		{F7FB0F2D-DBD6-4C97-AC45-CE4DC5F2FBD6}.Debug|Mixed Platforms.ActiveCfg = Debug|Any CPU
		{F7FB0F2D-DBD6-4C97-AC45-CE4DC5F2FBD6}.Debug|Mixed Platforms.Build.0 = Debug|Any CPU
		{F7FB0F2D-DBD6-4C97-AC45-CE4DC5F2FBD6}.Debug|x86.ActiveCfg = Debug|Any CPU
		{F7FB0F2D-DBD6-4C97-AC45-CE4DC5F2FBD6}.Release|Any CPU.ActiveCfg = Release|Any CPU
		{F7FB0F2D-DBD6-4C97-AC45-CE4DC5F2FBD6}.Release|Any CPU.Build.0 = Release|Any CPU
		{F7FB0F2D-DBD6-4C97-AC45-CE4DC5F2FBD6}.Release|Mixed Platforms.ActiveCfg = Release|Any CPU
		{F7FB0F2D-DBD6-4C97-AC45-CE4DC5F2FBD6}.Release|Mixed Platforms.Build.0 = Release|Any CPU
		{F7FB0F2D-DBD6-4C97-AC45-CE4DC5F2FBD6}.Release|x86.ActiveCfg = Release|Any CPU
		{E1C4E4B7-D9F8-4806-ACB9-2774B3C827F6}.Debug|Any CPU.ActiveCfg = Debug|Any CPU
		{E1C4E4B7-D9F8-4806-ACB9-2774B3C827F6}.Debug|Any CPU.Build.0 = Debug|Any CPU
		{E1C4E4B7-D9F8-4806-ACB9-2774B3C827F6}.Debug|Mixed Platforms.ActiveCfg = Debug|Any CPU
		{E1C4E4B7-D9F8-4806-ACB9-2774B3C827F6}.Debug|Mixed Platforms.Build.0 = Debug|Any CPU
		{E1C4E4B7-D9F8-4806-ACB9-2774B3C827F6}.Debug|x86.ActiveCfg = Debug|Any CPU
		{E1C4E4B7-D9F8-4806-ACB9-2774B3C827F6}.Release|Any CPU.ActiveCfg = Release|Any CPU
		{E1C4E4B7-D9F8-4806-ACB9-2774B3C827F6}.Release|Any CPU.Build.0 = Release|Any CPU
		{E1C4E4B7-D9F8-4806-ACB9-2774B3C827F6}.Release|Mixed Platforms.ActiveCfg = Release|Any CPU
		{E1C4E4B7-D9F8-4806-ACB9-2774B3C827F6}.Release|Mixed Platforms.Build.0 = Release|Any CPU
		{E1C4E4B7-D9F8-4806-ACB9-2774B3C827F6}.Release|x86.ActiveCfg = Release|Any CPU
		{0CDFA1B2-F3A3-45E1-919B-9D1BCA26984B}.Debug|Any CPU.ActiveCfg = Debug|Any CPU
		{0CDFA1B2-F3A3-45E1-919B-9D1BCA26984B}.Debug|Any CPU.Build.0 = Debug|Any CPU
		{0CDFA1B2-F3A3-45E1-919B-9D1BCA26984B}.Debug|Mixed Platforms.ActiveCfg = Debug|Any CPU
		{0CDFA1B2-F3A3-45E1-919B-9D1BCA26984B}.Debug|Mixed Platforms.Build.0 = Debug|Any CPU
		{0CDFA1B2-F3A3-45E1-919B-9D1BCA26984B}.Debug|x86.ActiveCfg = Debug|Any CPU
		{0CDFA1B2-F3A3-45E1-919B-9D1BCA26984B}.Release|Any CPU.ActiveCfg = Release|Any CPU
		{0CDFA1B2-F3A3-45E1-919B-9D1BCA26984B}.Release|Any CPU.Build.0 = Release|Any CPU
		{0CDFA1B2-F3A3-45E1-919B-9D1BCA26984B}.Release|Mixed Platforms.ActiveCfg = Release|Any CPU
		{0CDFA1B2-F3A3-45E1-919B-9D1BCA26984B}.Release|Mixed Platforms.Build.0 = Release|Any CPU
		{0CDFA1B2-F3A3-45E1-919B-9D1BCA26984B}.Release|x86.ActiveCfg = Release|Any CPU
		{3E45DB85-2314-4874-BC75-44838CB129A4}.Debug|Any CPU.ActiveCfg = Debug|Any CPU
		{3E45DB85-2314-4874-BC75-44838CB129A4}.Debug|Any CPU.Build.0 = Debug|Any CPU
		{3E45DB85-2314-4874-BC75-44838CB129A4}.Debug|Mixed Platforms.ActiveCfg = Debug|Any CPU
		{3E45DB85-2314-4874-BC75-44838CB129A4}.Debug|Mixed Platforms.Build.0 = Debug|Any CPU
		{3E45DB85-2314-4874-BC75-44838CB129A4}.Debug|x86.ActiveCfg = Debug|Any CPU
		{3E45DB85-2314-4874-BC75-44838CB129A4}.Release|Any CPU.ActiveCfg = Release|Any CPU
		{3E45DB85-2314-4874-BC75-44838CB129A4}.Release|Any CPU.Build.0 = Release|Any CPU
		{3E45DB85-2314-4874-BC75-44838CB129A4}.Release|Mixed Platforms.ActiveCfg = Release|Any CPU
		{3E45DB85-2314-4874-BC75-44838CB129A4}.Release|Mixed Platforms.Build.0 = Release|Any CPU
		{3E45DB85-2314-4874-BC75-44838CB129A4}.Release|x86.ActiveCfg = Release|Any CPU
		{7DD8848C-3ADB-45B3-BD49-10AF3AEE2521}.Debug|Any CPU.ActiveCfg = Debug|Any CPU
		{7DD8848C-3ADB-45B3-BD49-10AF3AEE2521}.Debug|Any CPU.Build.0 = Debug|Any CPU
		{7DD8848C-3ADB-45B3-BD49-10AF3AEE2521}.Debug|Mixed Platforms.ActiveCfg = Debug|Any CPU
		{7DD8848C-3ADB-45B3-BD49-10AF3AEE2521}.Debug|Mixed Platforms.Build.0 = Debug|Any CPU
		{7DD8848C-3ADB-45B3-BD49-10AF3AEE2521}.Debug|x86.ActiveCfg = Debug|Any CPU
		{7DD8848C-3ADB-45B3-BD49-10AF3AEE2521}.Release|Any CPU.ActiveCfg = Release|Any CPU
		{7DD8848C-3ADB-45B3-BD49-10AF3AEE2521}.Release|Any CPU.Build.0 = Release|Any CPU
		{7DD8848C-3ADB-45B3-BD49-10AF3AEE2521}.Release|Mixed Platforms.ActiveCfg = Release|Any CPU
		{7DD8848C-3ADB-45B3-BD49-10AF3AEE2521}.Release|Mixed Platforms.Build.0 = Release|Any CPU
		{7DD8848C-3ADB-45B3-BD49-10AF3AEE2521}.Release|x86.ActiveCfg = Release|Any CPU
		{9ACA7797-5C2A-4435-B991-E59462ACDAF6}.Debug|Any CPU.ActiveCfg = Debug|Any CPU
		{9ACA7797-5C2A-4435-B991-E59462ACDAF6}.Debug|Any CPU.Build.0 = Debug|Any CPU
		{9ACA7797-5C2A-4435-B991-E59462ACDAF6}.Debug|Mixed Platforms.ActiveCfg = Debug|Any CPU
		{9ACA7797-5C2A-4435-B991-E59462ACDAF6}.Debug|Mixed Platforms.Build.0 = Debug|Any CPU
		{9ACA7797-5C2A-4435-B991-E59462ACDAF6}.Debug|x86.ActiveCfg = Debug|Any CPU
		{9ACA7797-5C2A-4435-B991-E59462ACDAF6}.Release|Any CPU.ActiveCfg = Release|Any CPU
		{9ACA7797-5C2A-4435-B991-E59462ACDAF6}.Release|Any CPU.Build.0 = Release|Any CPU
		{9ACA7797-5C2A-4435-B991-E59462ACDAF6}.Release|Mixed Platforms.ActiveCfg = Release|Any CPU
		{9ACA7797-5C2A-4435-B991-E59462ACDAF6}.Release|Mixed Platforms.Build.0 = Release|Any CPU
		{9ACA7797-5C2A-4435-B991-E59462ACDAF6}.Release|x86.ActiveCfg = Release|Any CPU
		{3C52B602-3CB1-45EE-B9A7-93B24C760A88}.Debug|Any CPU.ActiveCfg = Debug|Any CPU
		{3C52B602-3CB1-45EE-B9A7-93B24C760A88}.Debug|Any CPU.Build.0 = Debug|Any CPU
		{3C52B602-3CB1-45EE-B9A7-93B24C760A88}.Debug|Mixed Platforms.ActiveCfg = Debug|Any CPU
		{3C52B602-3CB1-45EE-B9A7-93B24C760A88}.Debug|Mixed Platforms.Build.0 = Debug|Any CPU
		{3C52B602-3CB1-45EE-B9A7-93B24C760A88}.Debug|x86.ActiveCfg = Debug|Any CPU
		{3C52B602-3CB1-45EE-B9A7-93B24C760A88}.Release|Any CPU.ActiveCfg = Release|Any CPU
		{3C52B602-3CB1-45EE-B9A7-93B24C760A88}.Release|Any CPU.Build.0 = Release|Any CPU
		{3C52B602-3CB1-45EE-B9A7-93B24C760A88}.Release|Mixed Platforms.ActiveCfg = Release|Any CPU
		{3C52B602-3CB1-45EE-B9A7-93B24C760A88}.Release|Mixed Platforms.Build.0 = Release|Any CPU
		{3C52B602-3CB1-45EE-B9A7-93B24C760A88}.Release|x86.ActiveCfg = Release|Any CPU
		{FFFDB2DE-6D0E-4C1E-B14D-B64057EEAF6D}.Debug|Any CPU.ActiveCfg = Debug|Any CPU
		{FFFDB2DE-6D0E-4C1E-B14D-B64057EEAF6D}.Debug|Any CPU.Build.0 = Debug|Any CPU
		{FFFDB2DE-6D0E-4C1E-B14D-B64057EEAF6D}.Debug|Mixed Platforms.ActiveCfg = Debug|Any CPU
		{FFFDB2DE-6D0E-4C1E-B14D-B64057EEAF6D}.Debug|Mixed Platforms.Build.0 = Debug|Any CPU
		{FFFDB2DE-6D0E-4C1E-B14D-B64057EEAF6D}.Debug|x86.ActiveCfg = Debug|Any CPU
		{FFFDB2DE-6D0E-4C1E-B14D-B64057EEAF6D}.Release|Any CPU.ActiveCfg = Release|Any CPU
		{FFFDB2DE-6D0E-4C1E-B14D-B64057EEAF6D}.Release|Any CPU.Build.0 = Release|Any CPU
		{FFFDB2DE-6D0E-4C1E-B14D-B64057EEAF6D}.Release|Mixed Platforms.ActiveCfg = Release|Any CPU
		{FFFDB2DE-6D0E-4C1E-B14D-B64057EEAF6D}.Release|Mixed Platforms.Build.0 = Release|Any CPU
		{FFFDB2DE-6D0E-4C1E-B14D-B64057EEAF6D}.Release|x86.ActiveCfg = Release|Any CPU
		{67EBDE4C-87F7-406D-8379-074A0E21ED7F}.Debug|Any CPU.ActiveCfg = Debug|x86
		{67EBDE4C-87F7-406D-8379-074A0E21ED7F}.Debug|Mixed Platforms.ActiveCfg = Debug|x86
		{67EBDE4C-87F7-406D-8379-074A0E21ED7F}.Debug|Mixed Platforms.Build.0 = Debug|x86
		{67EBDE4C-87F7-406D-8379-074A0E21ED7F}.Debug|x86.ActiveCfg = Debug|x86
		{67EBDE4C-87F7-406D-8379-074A0E21ED7F}.Debug|x86.Build.0 = Debug|x86
		{67EBDE4C-87F7-406D-8379-074A0E21ED7F}.Release|Any CPU.ActiveCfg = Release|x86
		{67EBDE4C-87F7-406D-8379-074A0E21ED7F}.Release|Mixed Platforms.ActiveCfg = Release|x86
		{67EBDE4C-87F7-406D-8379-074A0E21ED7F}.Release|Mixed Platforms.Build.0 = Release|x86
		{67EBDE4C-87F7-406D-8379-074A0E21ED7F}.Release|x86.ActiveCfg = Release|x86
		{67EBDE4C-87F7-406D-8379-074A0E21ED7F}.Release|x86.Build.0 = Release|x86
		{C59A1FB9-413A-4528-B4C1-BB0CEEF30366}.Debug|Any CPU.ActiveCfg = Debug|Any CPU
		{C59A1FB9-413A-4528-B4C1-BB0CEEF30366}.Debug|Any CPU.Build.0 = Debug|Any CPU
		{C59A1FB9-413A-4528-B4C1-BB0CEEF30366}.Debug|Mixed Platforms.ActiveCfg = Debug|Any CPU
		{C59A1FB9-413A-4528-B4C1-BB0CEEF30366}.Debug|Mixed Platforms.Build.0 = Debug|Any CPU
		{C59A1FB9-413A-4528-B4C1-BB0CEEF30366}.Debug|x86.ActiveCfg = Debug|Any CPU
		{C59A1FB9-413A-4528-B4C1-BB0CEEF30366}.Release|Any CPU.ActiveCfg = Release|Any CPU
		{C59A1FB9-413A-4528-B4C1-BB0CEEF30366}.Release|Any CPU.Build.0 = Release|Any CPU
		{C59A1FB9-413A-4528-B4C1-BB0CEEF30366}.Release|Mixed Platforms.ActiveCfg = Release|Any CPU
		{C59A1FB9-413A-4528-B4C1-BB0CEEF30366}.Release|Mixed Platforms.Build.0 = Release|Any CPU
		{C59A1FB9-413A-4528-B4C1-BB0CEEF30366}.Release|x86.ActiveCfg = Release|Any CPU
		{FC6B9AFB-7633-4250-BDFF-A9251B64B909}.Debug|Any CPU.ActiveCfg = Debug|Any CPU
		{FC6B9AFB-7633-4250-BDFF-A9251B64B909}.Debug|Any CPU.Build.0 = Debug|Any CPU
		{FC6B9AFB-7633-4250-BDFF-A9251B64B909}.Debug|Mixed Platforms.ActiveCfg = Debug|Any CPU
		{FC6B9AFB-7633-4250-BDFF-A9251B64B909}.Debug|Mixed Platforms.Build.0 = Debug|Any CPU
		{FC6B9AFB-7633-4250-BDFF-A9251B64B909}.Debug|x86.ActiveCfg = Debug|Any CPU
		{FC6B9AFB-7633-4250-BDFF-A9251B64B909}.Release|Any CPU.ActiveCfg = Release|Any CPU
		{FC6B9AFB-7633-4250-BDFF-A9251B64B909}.Release|Any CPU.Build.0 = Release|Any CPU
		{FC6B9AFB-7633-4250-BDFF-A9251B64B909}.Release|Mixed Platforms.ActiveCfg = Release|Any CPU
		{FC6B9AFB-7633-4250-BDFF-A9251B64B909}.Release|Mixed Platforms.Build.0 = Release|Any CPU
		{FC6B9AFB-7633-4250-BDFF-A9251B64B909}.Release|x86.ActiveCfg = Release|Any CPU
		{A33232E8-7368-4BB6-8C7D-EE4059E05DCB}.Debug|Any CPU.ActiveCfg = Debug|Any CPU
		{A33232E8-7368-4BB6-8C7D-EE4059E05DCB}.Debug|Any CPU.Build.0 = Debug|Any CPU
		{A33232E8-7368-4BB6-8C7D-EE4059E05DCB}.Debug|Mixed Platforms.ActiveCfg = Debug|Any CPU
		{A33232E8-7368-4BB6-8C7D-EE4059E05DCB}.Debug|Mixed Platforms.Build.0 = Debug|Any CPU
		{A33232E8-7368-4BB6-8C7D-EE4059E05DCB}.Debug|x86.ActiveCfg = Debug|Any CPU
		{A33232E8-7368-4BB6-8C7D-EE4059E05DCB}.Release|Any CPU.ActiveCfg = Release|Any CPU
		{A33232E8-7368-4BB6-8C7D-EE4059E05DCB}.Release|Any CPU.Build.0 = Release|Any CPU
		{A33232E8-7368-4BB6-8C7D-EE4059E05DCB}.Release|Mixed Platforms.ActiveCfg = Release|Any CPU
		{A33232E8-7368-4BB6-8C7D-EE4059E05DCB}.Release|Mixed Platforms.Build.0 = Release|Any CPU
		{A33232E8-7368-4BB6-8C7D-EE4059E05DCB}.Release|x86.ActiveCfg = Release|Any CPU
		{1A8E8264-AF81-47C6-B9AD-C0E408FB58FA}.Debug|Any CPU.ActiveCfg = Debug|Any CPU
		{1A8E8264-AF81-47C6-B9AD-C0E408FB58FA}.Debug|Any CPU.Build.0 = Debug|Any CPU
		{1A8E8264-AF81-47C6-B9AD-C0E408FB58FA}.Debug|Mixed Platforms.ActiveCfg = Debug|Any CPU
		{1A8E8264-AF81-47C6-B9AD-C0E408FB58FA}.Debug|Mixed Platforms.Build.0 = Debug|Any CPU
		{1A8E8264-AF81-47C6-B9AD-C0E408FB58FA}.Debug|x86.ActiveCfg = Debug|Any CPU
		{1A8E8264-AF81-47C6-B9AD-C0E408FB58FA}.Release|Any CPU.ActiveCfg = Release|Any CPU
		{1A8E8264-AF81-47C6-B9AD-C0E408FB58FA}.Release|Any CPU.Build.0 = Release|Any CPU
		{1A8E8264-AF81-47C6-B9AD-C0E408FB58FA}.Release|Mixed Platforms.ActiveCfg = Release|Any CPU
		{1A8E8264-AF81-47C6-B9AD-C0E408FB58FA}.Release|Mixed Platforms.Build.0 = Release|Any CPU
		{1A8E8264-AF81-47C6-B9AD-C0E408FB58FA}.Release|x86.ActiveCfg = Release|Any CPU
		{0C2B6973-E2C6-4076-9828-EBE0E81405A6}.Debug|Any CPU.ActiveCfg = Debug|Any CPU
		{0C2B6973-E2C6-4076-9828-EBE0E81405A6}.Debug|Any CPU.Build.0 = Debug|Any CPU
		{0C2B6973-E2C6-4076-9828-EBE0E81405A6}.Debug|Mixed Platforms.ActiveCfg = Debug|Any CPU
		{0C2B6973-E2C6-4076-9828-EBE0E81405A6}.Debug|Mixed Platforms.Build.0 = Debug|Any CPU
		{0C2B6973-E2C6-4076-9828-EBE0E81405A6}.Debug|x86.ActiveCfg = Debug|Any CPU
		{0C2B6973-E2C6-4076-9828-EBE0E81405A6}.Release|Any CPU.ActiveCfg = Release|Any CPU
		{0C2B6973-E2C6-4076-9828-EBE0E81405A6}.Release|Any CPU.Build.0 = Release|Any CPU
		{0C2B6973-E2C6-4076-9828-EBE0E81405A6}.Release|Mixed Platforms.ActiveCfg = Release|Any CPU
		{0C2B6973-E2C6-4076-9828-EBE0E81405A6}.Release|Mixed Platforms.Build.0 = Release|Any CPU
		{0C2B6973-E2C6-4076-9828-EBE0E81405A6}.Release|x86.ActiveCfg = Release|Any CPU
		{2F0D5C7A-0972-45A4-841F-043B71F9C87F}.Debug|Any CPU.ActiveCfg = Debug|x86
		{2F0D5C7A-0972-45A4-841F-043B71F9C87F}.Debug|Mixed Platforms.ActiveCfg = Debug|x86
		{2F0D5C7A-0972-45A4-841F-043B71F9C87F}.Debug|Mixed Platforms.Build.0 = Debug|x86
		{2F0D5C7A-0972-45A4-841F-043B71F9C87F}.Debug|x86.ActiveCfg = Debug|x86
		{2F0D5C7A-0972-45A4-841F-043B71F9C87F}.Debug|x86.Build.0 = Debug|x86
		{2F0D5C7A-0972-45A4-841F-043B71F9C87F}.Release|Any CPU.ActiveCfg = Release|x86
		{2F0D5C7A-0972-45A4-841F-043B71F9C87F}.Release|Mixed Platforms.ActiveCfg = Release|x86
		{2F0D5C7A-0972-45A4-841F-043B71F9C87F}.Release|Mixed Platforms.Build.0 = Release|x86
		{2F0D5C7A-0972-45A4-841F-043B71F9C87F}.Release|x86.ActiveCfg = Release|x86
		{2F0D5C7A-0972-45A4-841F-043B71F9C87F}.Release|x86.Build.0 = Release|x86
		{E8EB13B7-CEAA-45D4-9B4F-0728D4FB3BF0}.Debug|Any CPU.ActiveCfg = Debug|x86
		{E8EB13B7-CEAA-45D4-9B4F-0728D4FB3BF0}.Debug|Mixed Platforms.ActiveCfg = Debug|x86
		{E8EB13B7-CEAA-45D4-9B4F-0728D4FB3BF0}.Debug|Mixed Platforms.Build.0 = Debug|x86
		{E8EB13B7-CEAA-45D4-9B4F-0728D4FB3BF0}.Debug|x86.ActiveCfg = Debug|x86
		{E8EB13B7-CEAA-45D4-9B4F-0728D4FB3BF0}.Debug|x86.Build.0 = Debug|x86
		{E8EB13B7-CEAA-45D4-9B4F-0728D4FB3BF0}.Release|Any CPU.ActiveCfg = Release|x86
		{E8EB13B7-CEAA-45D4-9B4F-0728D4FB3BF0}.Release|Mixed Platforms.ActiveCfg = Release|x86
		{E8EB13B7-CEAA-45D4-9B4F-0728D4FB3BF0}.Release|Mixed Platforms.Build.0 = Release|x86
		{E8EB13B7-CEAA-45D4-9B4F-0728D4FB3BF0}.Release|x86.ActiveCfg = Release|x86
		{E8EB13B7-CEAA-45D4-9B4F-0728D4FB3BF0}.Release|x86.Build.0 = Release|x86
		{7519CB8C-3C25-4F74-8946-93ECB7450C31}.Debug|Any CPU.ActiveCfg = Debug|Any CPU
		{7519CB8C-3C25-4F74-8946-93ECB7450C31}.Debug|Any CPU.Build.0 = Debug|Any CPU
		{7519CB8C-3C25-4F74-8946-93ECB7450C31}.Debug|Mixed Platforms.ActiveCfg = Debug|Any CPU
		{7519CB8C-3C25-4F74-8946-93ECB7450C31}.Debug|Mixed Platforms.Build.0 = Debug|Any CPU
		{7519CB8C-3C25-4F74-8946-93ECB7450C31}.Debug|x86.ActiveCfg = Debug|Any CPU
		{7519CB8C-3C25-4F74-8946-93ECB7450C31}.Release|Any CPU.ActiveCfg = Release|Any CPU
		{7519CB8C-3C25-4F74-8946-93ECB7450C31}.Release|Any CPU.Build.0 = Release|Any CPU
		{7519CB8C-3C25-4F74-8946-93ECB7450C31}.Release|Mixed Platforms.ActiveCfg = Release|Any CPU
		{7519CB8C-3C25-4F74-8946-93ECB7450C31}.Release|Mixed Platforms.Build.0 = Release|Any CPU
		{7519CB8C-3C25-4F74-8946-93ECB7450C31}.Release|x86.ActiveCfg = Release|Any CPU
	EndGlobalSection
	GlobalSection(SolutionProperties) = preSolution
		HideSolutionNode = FALSE
	EndGlobalSection
	GlobalSection(NestedProjects) = preSolution
		{B58CBF09-52EA-4466-B5D2-2664018E7561} = {EBD09D7D-66B5-4DA4-ABB3-3F511769CF7D}
		{99E9B82C-E727-4EB2-B6E3-9A9DC955F3F6} = {EBD09D7D-66B5-4DA4-ABB3-3F511769CF7D}
		{BF4FA34A-A4C9-4BEC-90C4-AA09483582BB} = {EBD09D7D-66B5-4DA4-ABB3-3F511769CF7D}
		{FE1A894E-D55E-4CEA-980A-1C678A2453FC} = {EBD09D7D-66B5-4DA4-ABB3-3F511769CF7D}
		{04ED7BE0-8768-4A8D-B1ED-C92CB60789EF} = {EBD09D7D-66B5-4DA4-ABB3-3F511769CF7D}
		{7DD8848C-3ADB-45B3-BD49-10AF3AEE2521} = {EBD09D7D-66B5-4DA4-ABB3-3F511769CF7D}
		{67EBDE4C-87F7-406D-8379-074A0E21ED7F} = {EBD09D7D-66B5-4DA4-ABB3-3F511769CF7D}
		{C59A1FB9-413A-4528-B4C1-BB0CEEF30366} = {EBD09D7D-66B5-4DA4-ABB3-3F511769CF7D}
		{2386F6A0-91B2-4D1A-8DBC-92109924AFFE} = {CCCD8759-7910-4C0A-9989-E92253D94703}
		{A33232E8-7368-4BB6-8C7D-EE4059E05DCB} = {CCCD8759-7910-4C0A-9989-E92253D94703}
		{B184E8F8-A507-4C3D-B580-184E3776A95C} = {4E2BB083-56B6-4323-9620-3F53F0774609}
		{A31255F4-E8D8-4D8E-B25A-48FB7ED059F5} = {4E2BB083-56B6-4323-9620-3F53F0774609}
		{2D64F506-D566-4CA5-A19C-BCB5F9A2E7F4} = {4E2BB083-56B6-4323-9620-3F53F0774609}
		{406B96A6-C886-4149-AD88-A2402EDB2B90} = {4E2BB083-56B6-4323-9620-3F53F0774609}
		{2F0D5C7A-0972-45A4-841F-043B71F9C87F} = {4E2BB083-56B6-4323-9620-3F53F0774609}
		{E8EB13B7-CEAA-45D4-9B4F-0728D4FB3BF0} = {4E2BB083-56B6-4323-9620-3F53F0774609}
		{0CDFA1B2-F3A3-45E1-919B-9D1BCA26984B} = {BE3BEF2C-C390-42F3-8142-ECD1E9914409}
		{FFFDB2DE-6D0E-4C1E-B14D-B64057EEAF6D} = {BE3BEF2C-C390-42F3-8142-ECD1E9914409}
		{3AED3A4C-F3D7-4D29-BF58-85743E4F7AFD} = {FEC2F6B9-AF96-49AC-8598-9F66FE8D130D}
		{9ACA7797-5C2A-4435-B991-E59462ACDAF6} = {FEC2F6B9-AF96-49AC-8598-9F66FE8D130D}
		{9E6FF3D9-BAE7-4E48-B144-0859BE28C570} = {99E9B82C-E727-4EB2-B6E3-9A9DC955F3F6}
		{1AE61C89-EBFD-498D-9F53-6319B302CDBF} = {99E9B82C-E727-4EB2-B6E3-9A9DC955F3F6}
		{8DA03815-ED56-40C5-83CA-6DFBB1F19C4F} = {99E9B82C-E727-4EB2-B6E3-9A9DC955F3F6}
		{3B7CF671-E246-4284-9DEB-F7F8CD784ED1} = {99E9B82C-E727-4EB2-B6E3-9A9DC955F3F6}
		{4F2C080C-FF9C-4604-8DAF-C5732BC17A05} = {99E9B82C-E727-4EB2-B6E3-9A9DC955F3F6}
		{9497C48E-B9B5-4869-820E-09ECE4347632} = {99E9B82C-E727-4EB2-B6E3-9A9DC955F3F6}
		{E93B6838-9B18-4718-AB7B-2EA5232518C3} = {99E9B82C-E727-4EB2-B6E3-9A9DC955F3F6}
		{629A2D7C-9014-4A85-A1E9-26161D5B3043} = {99E9B82C-E727-4EB2-B6E3-9A9DC955F3F6}
		{EDEF0022-075C-4DEC-853F-6558F9E8438A} = {99E9B82C-E727-4EB2-B6E3-9A9DC955F3F6}
		{3F15FA1B-DB89-418B-8E7C-E7747D9098FF} = {99E9B82C-E727-4EB2-B6E3-9A9DC955F3F6}
		{19D333D1-D336-41C3-9B1E-55E760E6B026} = {99E9B82C-E727-4EB2-B6E3-9A9DC955F3F6}
		{0FE1BF9D-225A-4D7F-8AB5-102138110999} = {99E9B82C-E727-4EB2-B6E3-9A9DC955F3F6}
		{EAA09B33-28AD-4F33-A2E8-4DBCB42457D0} = {99E9B82C-E727-4EB2-B6E3-9A9DC955F3F6}
		{534CEC53-1EBC-4386-95E3-0E451FCB388A} = {99E9B82C-E727-4EB2-B6E3-9A9DC955F3F6}
		{F30AA5E9-0C10-438D-9DC7-5A8F3FC5D95D} = {99E9B82C-E727-4EB2-B6E3-9A9DC955F3F6}
		{B75C6387-9855-44BF-886E-5BB60D643AD2} = {99E9B82C-E727-4EB2-B6E3-9A9DC955F3F6}
		{51FCBCEF-D8B5-49D5-B18D-E6C7D5217D21} = {99E9B82C-E727-4EB2-B6E3-9A9DC955F3F6}
		{F7FB0F2D-DBD6-4C97-AC45-CE4DC5F2FBD6} = {99E9B82C-E727-4EB2-B6E3-9A9DC955F3F6}
		{2D4F4DCC-2806-4929-B940-8FF5F74DF126} = {99E9B82C-E727-4EB2-B6E3-9A9DC955F3F6}
		{3E45DB85-2314-4874-BC75-44838CB129A4} = {99E9B82C-E727-4EB2-B6E3-9A9DC955F3F6}
		{1A8E8264-AF81-47C6-B9AD-C0E408FB58FA} = {99E9B82C-E727-4EB2-B6E3-9A9DC955F3F6}
		{0C2B6973-E2C6-4076-9828-EBE0E81405A6} = {99E9B82C-E727-4EB2-B6E3-9A9DC955F3F6}
		{434D497A-D439-44C8-84A5-5301B572708F} = {BF4FA34A-A4C9-4BEC-90C4-AA09483582BB}
		{512FD53F-9AD1-46A1-A961-9FABDFAD50C5} = {BF4FA34A-A4C9-4BEC-90C4-AA09483582BB}
		{3C52B602-3CB1-45EE-B9A7-93B24C760A88} = {BF4FA34A-A4C9-4BEC-90C4-AA09483582BB}
		{7519CB8C-3C25-4F74-8946-93ECB7450C31} = {BF4FA34A-A4C9-4BEC-90C4-AA09483582BB}
		{413B698C-0D7D-4FCD-9F16-AF51AED4E647} = {8090D262-C7F1-4EFE-93F8-1B71BD23B627}
		{FC6B9AFB-7633-4250-BDFF-A9251B64B909} = {8090D262-C7F1-4EFE-93F8-1B71BD23B627}
		{E1C4E4B7-D9F8-4806-ACB9-2774B3C827F6} = {2D4F4DCC-2806-4929-B940-8FF5F74DF126}
	EndGlobalSection
EndGlobal
